
Microsoft Visual Studio Solution File, Format Version 12.00
# Visual Studio Version 17
VisualStudioVersion = 17.0.31903.59
MinimumVisualStudioVersion = 10.0.40219.1
Project("{2150E333-8FDC-42A3-9474-1A3956D46DE8}") = "src", "src", "{827E0CD3-B72D-47B6-A68D-7590B98EB39B}"
EndProject
Project("{FAE04EC0-301F-11D3-BF4B-00C04F79EFBC}") = "Anyware.TaskManagement.Domain", "src\Anyware.TaskManagement.Domain\Anyware.TaskManagement.Domain.csproj", "{C1126FBF-0040-4E86-A15C-2072ADA26288}"
EndProject
Project("{FAE04EC0-301F-11D3-BF4B-00C04F79EFBC}") = "Anyware.TaskManagement.Application", "src\Anyware.TaskManagement.Application\Anyware.TaskManagement.Application.csproj", "{E721C6DE-C77F-429A-AA35-47A6B120E036}"
EndProject
Project("{FAE04EC0-301F-11D3-BF4B-00C04F79EFBC}") = "Anyware.TaskManagement.Infrastructure", "src\Anyware.TaskManagement.Infrastructure\Anyware.TaskManagement.Infrastructure.csproj", "{376D21C3-2130-4017-946B-4EBF01CF84FD}"
EndProject
Project("{FAE04EC0-301F-11D3-BF4B-00C04F79EFBC}") = "Anyware.TaskManagement.API", "src\Anyware.TaskManagement.API\Anyware.TaskManagement.API.csproj", "{7FC930FE-70DB-454F-ABAF-A5BB07022B3E}"
EndProject
Project("{2150E333-8FDC-42A3-9474-1A3956D46DE8}") = "tests", "tests", "{0AB3BF05-4346-4AA6-1389-037BE0695223}"
EndProject
Project("{FAE04EC0-301F-11D3-BF4B-00C04F79EFBC}") = "Anyware.TaskManagement.Domain.Tests", "tests\Anyware.TaskManagement.Domain.Tests\Anyware.TaskManagement.Domain.Tests.csproj", "{90285C13-C7A4-49C4-9AC8-45CBDF194777}"
EndProject
Project("{FAE04EC0-301F-11D3-BF4B-00C04F79EFBC}") = "Anyware.TaskManagement.Application.Tests", "tests\Anyware.TaskManagement.Application.Tests\Anyware.TaskManagement.Application.Tests.csproj", "{6922EE09-7A73-46E5-A4CE-C746CA5F87B0}"
EndProject
Project("{FAE04EC0-301F-11D3-BF4B-00C04F79EFBC}") = "Anyware.TaskManagement.API.Tests", "tests\Anyware.TaskManagement.API.Tests\Anyware.TaskManagement.API.Tests.csproj", "{EBA399FF-BC4C-4847-90F0-2DCE52126D7D}"
EndProject
Global
	GlobalSection(SolutionConfigurationPlatforms) = preSolution
		Debug|Any CPU = Debug|Any CPU
		Debug|x64 = Debug|x64
		Debug|x86 = Debug|x86
		Release|Any CPU = Release|Any CPU
		Release|x64 = Release|x64
		Release|x86 = Release|x86
	EndGlobalSection
	GlobalSection(ProjectConfigurationPlatforms) = postSolution
		{C1126FBF-0040-4E86-A15C-2072ADA26288}.Debug|Any CPU.ActiveCfg = Debug|Any CPU
		{C1126FBF-0040-4E86-A15C-2072ADA26288}.Debug|Any CPU.Build.0 = Debug|Any CPU
		{C1126FBF-0040-4E86-A15C-2072ADA26288}.Debug|x64.ActiveCfg = Debug|Any CPU
		{C1126FBF-0040-4E86-A15C-2072ADA26288}.Debug|x64.Build.0 = Debug|Any CPU
		{C1126FBF-0040-4E86-A15C-2072ADA26288}.Debug|x86.ActiveCfg = Debug|Any CPU
		{C1126FBF-0040-4E86-A15C-2072ADA26288}.Debug|x86.Build.0 = Debug|Any CPU
		{C1126FBF-0040-4E86-A15C-2072ADA26288}.Release|Any CPU.ActiveCfg = Release|Any CPU
		{C1126FBF-0040-4E86-A15C-2072ADA26288}.Release|Any CPU.Build.0 = Release|Any CPU
		{C1126FBF-0040-4E86-A15C-2072ADA26288}.Release|x64.ActiveCfg = Release|Any CPU
		{C1126FBF-0040-4E86-A15C-2072ADA26288}.Release|x64.Build.0 = Release|Any CPU
		{C1126FBF-0040-4E86-A15C-2072ADA26288}.Release|x86.ActiveCfg = Release|Any CPU
		{C1126FBF-0040-4E86-A15C-2072ADA26288}.Release|x86.Build.0 = Release|Any CPU
		{E721C6DE-C77F-429A-AA35-47A6B120E036}.Debug|Any CPU.ActiveCfg = Debug|Any CPU
		{E721C6DE-C77F-429A-AA35-47A6B120E036}.Debug|Any CPU.Build.0 = Debug|Any CPU
		{E721C6DE-C77F-429A-AA35-47A6B120E036}.Debug|x64.ActiveCfg = Debug|Any CPU
		{E721C6DE-C77F-429A-AA35-47A6B120E036}.Debug|x64.Build.0 = Debug|Any CPU
		{E721C6DE-C77F-429A-AA35-47A6B120E036}.Debug|x86.ActiveCfg = Debug|Any CPU
		{E721C6DE-C77F-429A-AA35-47A6B120E036}.Debug|x86.Build.0 = Debug|Any CPU
		{E721C6DE-C77F-429A-AA35-47A6B120E036}.Release|Any CPU.ActiveCfg = Release|Any CPU
		{E721C6DE-C77F-429A-AA35-47A6B120E036}.Release|Any CPU.Build.0 = Release|Any CPU
		{E721C6DE-C77F-429A-AA35-47A6B120E036}.Release|x64.ActiveCfg = Release|Any CPU
		{E721C6DE-C77F-429A-AA35-47A6B120E036}.Release|x64.Build.0 = Release|Any CPU
		{E721C6DE-C77F-429A-AA35-47A6B120E036}.Release|x86.ActiveCfg = Release|Any CPU
		{E721C6DE-C77F-429A-AA35-47A6B120E036}.Release|x86.Build.0 = Release|Any CPU
		{376D21C3-2130-4017-946B-4EBF01CF84FD}.Debug|Any CPU.ActiveCfg = Debug|Any CPU
		{376D21C3-2130-4017-946B-4EBF01CF84FD}.Debug|Any CPU.Build.0 = Debug|Any CPU
		{376D21C3-2130-4017-946B-4EBF01CF84FD}.Debug|x64.ActiveCfg = Debug|Any CPU
		{376D21C3-2130-4017-946B-4EBF01CF84FD}.Debug|x64.Build.0 = Debug|Any CPU
		{376D21C3-2130-4017-946B-4EBF01CF84FD}.Debug|x86.ActiveCfg = Debug|Any CPU
		{376D21C3-2130-4017-946B-4EBF01CF84FD}.Debug|x86.Build.0 = Debug|Any CPU
		{376D21C3-2130-4017-946B-4EBF01CF84FD}.Release|Any CPU.ActiveCfg = Release|Any CPU
		{376D21C3-2130-4017-946B-4EBF01CF84FD}.Release|Any CPU.Build.0 = Release|Any CPU
		{376D21C3-2130-4017-946B-4EBF01CF84FD}.Release|x64.ActiveCfg = Release|Any CPU
		{376D21C3-2130-4017-946B-4EBF01CF84FD}.Release|x64.Build.0 = Release|Any CPU
		{376D21C3-2130-4017-946B-4EBF01CF84FD}.Release|x86.ActiveCfg = Release|Any CPU
		{376D21C3-2130-4017-946B-4EBF01CF84FD}.Release|x86.Build.0 = Release|Any CPU
		{7FC930FE-70DB-454F-ABAF-A5BB07022B3E}.Debug|Any CPU.ActiveCfg = Debug|Any CPU
		{7FC930FE-70DB-454F-ABAF-A5BB07022B3E}.Debug|Any CPU.Build.0 = Debug|Any CPU
		{7FC930FE-70DB-454F-ABAF-A5BB07022B3E}.Debug|x64.ActiveCfg = Debug|Any CPU
		{7FC930FE-70DB-454F-ABAF-A5BB07022B3E}.Debug|x64.Build.0 = Debug|Any CPU
		{7FC930FE-70DB-454F-ABAF-A5BB07022B3E}.Debug|x86.ActiveCfg = Debug|Any CPU
		{7FC930FE-70DB-454F-ABAF-A5BB07022B3E}.Debug|x86.Build.0 = Debug|Any CPU
		{7FC930FE-70DB-454F-ABAF-A5BB07022B3E}.Release|Any CPU.ActiveCfg = Release|Any CPU
		{7FC930FE-70DB-454F-ABAF-A5BB07022B3E}.Release|Any CPU.Build.0 = Release|Any CPU
		{7FC930FE-70DB-454F-ABAF-A5BB07022B3E}.Release|x64.ActiveCfg = Release|Any CPU
		{7FC930FE-70DB-454F-ABAF-A5BB07022B3E}.Release|x64.Build.0 = Release|Any CPU
		{7FC930FE-70DB-454F-ABAF-A5BB07022B3E}.Release|x86.ActiveCfg = Release|Any CPU
		{7FC930FE-70DB-454F-ABAF-A5BB07022B3E}.Release|x86.Build.0 = Release|Any CPU
		{90285C13-C7A4-49C4-9AC8-45CBDF194777}.Debug|Any CPU.ActiveCfg = Debug|Any CPU
		{90285C13-C7A4-49C4-9AC8-45CBDF194777}.Debug|Any CPU.Build.0 = Debug|Any CPU
		{90285C13-C7A4-49C4-9AC8-45CBDF194777}.Debug|x64.ActiveCfg = Debug|Any CPU
		{90285C13-C7A4-49C4-9AC8-45CBDF194777}.Debug|x64.Build.0 = Debug|Any CPU
		{90285C13-C7A4-49C4-9AC8-45CBDF194777}.Debug|x86.ActiveCfg = Debug|Any CPU
		{90285C13-C7A4-49C4-9AC8-45CBDF194777}.Debug|x86.Build.0 = Debug|Any CPU
		{90285C13-C7A4-49C4-9AC8-45CBDF194777}.Release|Any CPU.ActiveCfg = Release|Any CPU
		{90285C13-C7A4-49C4-9AC8-45CBDF194777}.Release|Any CPU.Build.0 = Release|Any CPU
		{90285C13-C7A4-49C4-9AC8-45CBDF194777}.Release|x64.ActiveCfg = Release|Any CPU
		{90285C13-C7A4-49C4-9AC8-45CBDF194777}.Release|x64.Build.0 = Release|Any CPU
		{90285C13-C7A4-49C4-9AC8-45CBDF194777}.Release|x86.ActiveCfg = Release|Any CPU
		{90285C13-C7A4-49C4-9AC8-45CBDF194777}.Release|x86.Build.0 = Release|Any CPU
		{6922EE09-7A73-46E5-A4CE-C746CA5F87B0}.Debug|Any CPU.ActiveCfg = Debug|Any CPU
		{6922EE09-7A73-46E5-A4CE-C746CA5F87B0}.Debug|Any CPU.Build.0 = Debug|Any CPU
		{6922EE09-7A73-46E5-A4CE-C746CA5F87B0}.Debug|x64.ActiveCfg = Debug|Any CPU
		{6922EE09-7A73-46E5-A4CE-C746CA5F87B0}.Debug|x64.Build.0 = Debug|Any CPU
		{6922EE09-7A73-46E5-A4CE-C746CA5F87B0}.Debug|x86.ActiveCfg = Debug|Any CPU
		{6922EE09-7A73-46E5-A4CE-C746CA5F87B0}.Debug|x86.Build.0 = Debug|Any CPU
		{6922EE09-7A73-46E5-A4CE-C746CA5F87B0}.Release|Any CPU.ActiveCfg = Release|Any CPU
		{6922EE09-7A73-46E5-A4CE-C746CA5F87B0}.Release|Any CPU.Build.0 = Release|Any CPU
		{6922EE09-7A73-46E5-A4CE-C746CA5F87B0}.Release|x64.ActiveCfg = Release|Any CPU
		{6922EE09-7A73-46E5-A4CE-C746CA5F87B0}.Release|x64.Build.0 = Release|Any CPU
		{6922EE09-7A73-46E5-A4CE-C746CA5F87B0}.Release|x86.ActiveCfg = Release|Any CPU
		{6922EE09-7A73-46E5-A4CE-C746CA5F87B0}.Release|x86.Build.0 = Release|Any CPU
		{EBA399FF-BC4C-4847-90F0-2DCE52126D7D}.Debug|Any CPU.ActiveCfg = Debug|Any CPU
		{EBA399FF-BC4C-4847-90F0-2DCE52126D7D}.Debug|Any CPU.Build.0 = Debug|Any CPU
		{EBA399FF-BC4C-4847-90F0-2DCE52126D7D}.Debug|x64.ActiveCfg = Debug|Any CPU
		{EBA399FF-BC4C-4847-90F0-2DCE52126D7D}.Debug|x64.Build.0 = Debug|Any CPU
		{EBA399FF-BC4C-4847-90F0-2DCE52126D7D}.Debug|x86.ActiveCfg = Debug|Any CPU
		{EBA399FF-BC4C-4847-90F0-2DCE52126D7D}.Debug|x86.Build.0 = Debug|Any CPU
		{EBA399FF-BC4C-4847-90F0-2DCE52126D7D}.Release|Any CPU.ActiveCfg = Release|Any CPU
		{EBA399FF-BC4C-4847-90F0-2DCE52126D7D}.Release|Any CPU.Build.0 = Release|Any CPU
		{EBA399FF-BC4C-4847-90F0-2DCE52126D7D}.Release|x64.ActiveCfg = Release|Any CPU
		{EBA399FF-BC4C-4847-90F0-2DCE52126D7D}.Release|x64.Build.0 = Release|Any CPU
		{EBA399FF-BC4C-4847-90F0-2DCE52126D7D}.Release|x86.ActiveCfg = Release|Any CPU
		{EBA399FF-BC4C-4847-90F0-2DCE52126D7D}.Release|x86.Build.0 = Release|Any CPU
	EndGlobalSection
	GlobalSection(SolutionProperties) = preSolution
		HideSolutionNode = FALSE
	EndGlobalSection
	GlobalSection(NestedProjects) = preSolution
		{C1126FBF-0040-4E86-A15C-2072ADA26288} = {827E0CD3-B72D-47B6-A68D-7590B98EB39B}
		{E721C6DE-C77F-429A-AA35-47A6B120E036} = {827E0CD3-B72D-47B6-A68D-7590B98EB39B}
		{376D21C3-2130-4017-946B-4EBF01CF84FD} = {827E0CD3-B72D-47B6-A68D-7590B98EB39B}
		{7FC930FE-70DB-454F-ABAF-A5BB07022B3E} = {827E0CD3-B72D-47B6-A68D-7590B98EB39B}
		{90285C13-C7A4-49C4-9AC8-45CBDF194777} = {0AB3BF05-4346-4AA6-1389-037BE0695223}
		{6922EE09-7A73-46E5-A4CE-C746CA5F87B0} = {0AB3BF05-4346-4AA6-1389-037BE0695223}
		{EBA399FF-BC4C-4847-90F0-2DCE52126D7D} = {0AB3BF05-4346-4AA6-1389-037BE0695223}
	EndGlobalSection
EndGlobal
